// !$*UTF8*$!
{
	archiveVersion = 1;
	classes = {
	};
	objectVersion = 56;
	objects = {

/* Begin PBXBuildFile section */
		7A7665242D11CCDC00204C0F /* API Caller.swift in Sources */ = {isa = PBXBuildFile; fileRef = 7A7665232D11CCDC00204C0F /* API Caller.swift */; };
		7A7665262D14668D00204C0F /* Title.swift in Sources */ = {isa = PBXBuildFile; fileRef = 7A7665252D14668D00204C0F /* Title.swift */; };
		7A7D488F2D10928A00330ED3 /* AppDelegate.swift in Sources */ = {isa = PBXBuildFile; fileRef = 7A7D488E2D10928A00330ED3 /* AppDelegate.swift */; };
		7A7D48912D10928A00330ED3 /* SceneDelegate.swift in Sources */ = {isa = PBXBuildFile; fileRef = 7A7D48902D10928A00330ED3 /* SceneDelegate.swift */; };
		7A7D48932D10928A00330ED3 /* MainTabBarViewController.swift in Sources */ = {isa = PBXBuildFile; fileRef = 7A7D48922D10928A00330ED3 /* MainTabBarViewController.swift */; };
		7A7D48982D10928C00330ED3 /* Assets.xcassets in Resources */ = {isa = PBXBuildFile; fileRef = 7A7D48972D10928C00330ED3 /* Assets.xcassets */; };
		7A7D489B2D10928C00330ED3 /* Base in Resources */ = {isa = PBXBuildFile; fileRef = 7A7D489A2D10928C00330ED3 /* Base */; };
		7A7D48A42D10965700330ED3 /* HomeViewController.swift in Sources */ = {isa = PBXBuildFile; fileRef = 7A7D48A32D10965700330ED3 /* HomeViewController.swift */; };
		7A7D48A62D10966400330ED3 /* UpcomingViewController.swift in Sources */ = {isa = PBXBuildFile; fileRef = 7A7D48A52D10966400330ED3 /* UpcomingViewController.swift */; };
		7A7D48A82D10966E00330ED3 /* SearchViewController.swift in Sources */ = {isa = PBXBuildFile; fileRef = 7A7D48A72D10966E00330ED3 /* SearchViewController.swift */; };
		7A7D48AA2D10967600330ED3 /* DownloadsViewController.swift in Sources */ = {isa = PBXBuildFile; fileRef = 7A7D48A92D10967600330ED3 /* DownloadsViewController.swift */; };
		7A7D48B12D10A16A00330ED3 /* CollectionViewTableViewCell.swift in Sources */ = {isa = PBXBuildFile; fileRef = 7A7D48B02D10A16A00330ED3 /* CollectionViewTableViewCell.swift */; };
		7A7D48B32D118BEA00330ED3 /* HeroHeaderUIView.swift in Sources */ = {isa = PBXBuildFile; fileRef = 7A7D48B22D118BEA00330ED3 /* HeroHeaderUIView.swift */; };
		7A8FF1DB2D1AF061006843E5 /* TitleCollectionViewCell.swift in Sources */ = {isa = PBXBuildFile; fileRef = 7A8FF1DA2D1AF061006843E5 /* TitleCollectionViewCell.swift */; };
		7A8FF1DE2D1AF661006843E5 /* SDWebImage in Frameworks */ = {isa = PBXBuildFile; productRef = 7A8FF1DD2D1AF661006843E5 /* SDWebImage */; };
		7A8FF1E02D1AF661006843E5 /* SDWebImageMapKit in Frameworks */ = {isa = PBXBuildFile; productRef = 7A8FF1DF2D1AF661006843E5 /* SDWebImageMapKit */; };
		7A8FF1E22D1B02C8006843E5 /* TitleTableViewCell.swift in Sources */ = {isa = PBXBuildFile; fileRef = 7A8FF1E12D1B02C8006843E5 /* TitleTableViewCell.swift */; };
		7A8FF1E42D1B091D006843E5 /* TitleViewModel.swift in Sources */ = {isa = PBXBuildFile; fileRef = 7A8FF1E32D1B091D006843E5 /* TitleViewModel.swift */; };
		7A8FF1E62D1C33D6006843E5 /* SearchResultsViewController.swift in Sources */ = {isa = PBXBuildFile; fileRef = 7A8FF1E52D1C33D5006843E5 /* SearchResultsViewController.swift */; };
		7A8FF1EA2D1C46B5006843E5 /* YouTubeVideoResponse.swift in Sources */ = {isa = PBXBuildFile; fileRef = 7A8FF1E92D1C46B5006843E5 /* YouTubeVideoResponse.swift */; };
		7A8FF1EC2D1C97AD006843E5 /* TitlePreviewViewController.swift in Sources */ = {isa = PBXBuildFile; fileRef = 7A8FF1EB2D1C97AD006843E5 /* TitlePreviewViewController.swift */; };
		7A8FF1EE2D1C9BB5006843E5 /* TitlePreviewViewModel.swift in Sources */ = {isa = PBXBuildFile; fileRef = 7A8FF1ED2D1C9BB5006843E5 /* TitlePreviewViewModel.swift */; };
		7A8FF2142D1D9BAC006843E5 /* NetflixCloneModel.xcdatamodeld in Sources */ = {isa = PBXBuildFile; fileRef = 7A8FF2122D1D9BAC006843E5 /* NetflixCloneModel.xcdatamodeld */; };
		7A8FF2162D1D9C6B006843E5 /* DataPersistenceManager.swift in Sources */ = {isa = PBXBuildFile; fileRef = 7A8FF2152D1D9C6B006843E5 /* DataPersistenceManager.swift */; };
		7A8FF2192D271EBC006843E5 /* DateExtension.swift in Sources */ = {isa = PBXBuildFile; fileRef = 7A8FF2182D271EBC006843E5 /* DateExtension.swift */; };
		7A8FF21B2D2B033D006843E5 /* DownloadedContainerView.swift in Sources */ = {isa = PBXBuildFile; fileRef = 7A8FF21A2D2B033D006843E5 /* DownloadedContainerView.swift */; };
		7A8FF21D2D2EA685006843E5 /* MessageContainerView.swift in Sources */ = {isa = PBXBuildFile; fileRef = 7A8FF21C2D2EA685006843E5 /* MessageContainerView.swift */; };
/* End PBXBuildFile section */

/* Begin PBXFileReference section */
		7A7665232D11CCDC00204C0F /* API Caller.swift */ = {isa = PBXFileReference; lastKnownFileType = sourcecode.swift; path = "API Caller.swift"; sourceTree = "<group>"; };
		7A7665252D14668D00204C0F /* Title.swift */ = {isa = PBXFileReference; lastKnownFileType = sourcecode.swift; path = Title.swift; sourceTree = "<group>"; };
		7A7D488B2D10928A00330ED3 /* Netflix Clone.app */ = {isa = PBXFileReference; explicitFileType = wrapper.application; includeInIndex = 0; path = "Netflix Clone.app"; sourceTree = BUILT_PRODUCTS_DIR; };
		7A7D488E2D10928A00330ED3 /* AppDelegate.swift */ = {isa = PBXFileReference; lastKnownFileType = sourcecode.swift; path = AppDelegate.swift; sourceTree = "<group>"; };
		7A7D48902D10928A00330ED3 /* SceneDelegate.swift */ = {isa = PBXFileReference; lastKnownFileType = sourcecode.swift; path = SceneDelegate.swift; sourceTree = "<group>"; };
		7A7D48922D10928A00330ED3 /* MainTabBarViewController.swift */ = {isa = PBXFileReference; lastKnownFileType = sourcecode.swift; path = MainTabBarViewController.swift; sourceTree = "<group>"; };
		7A7D48972D10928C00330ED3 /* Assets.xcassets */ = {isa = PBXFileReference; lastKnownFileType = folder.assetcatalog; path = Assets.xcassets; sourceTree = "<group>"; };
		7A7D489A2D10928C00330ED3 /* Base */ = {isa = PBXFileReference; lastKnownFileType = file.storyboard; name = Base; path = Base.lproj/LaunchScreen.storyboard; sourceTree = "<group>"; };
		7A7D489C2D10928C00330ED3 /* Info.plist */ = {isa = PBXFileReference; lastKnownFileType = text.plist.xml; path = Info.plist; sourceTree = "<group>"; };
		7A7D48A32D10965700330ED3 /* HomeViewController.swift */ = {isa = PBXFileReference; lastKnownFileType = sourcecode.swift; path = HomeViewController.swift; sourceTree = "<group>"; };
		7A7D48A52D10966400330ED3 /* UpcomingViewController.swift */ = {isa = PBXFileReference; lastKnownFileType = sourcecode.swift; path = UpcomingViewController.swift; sourceTree = "<group>"; };
		7A7D48A72D10966E00330ED3 /* SearchViewController.swift */ = {isa = PBXFileReference; lastKnownFileType = sourcecode.swift; path = SearchViewController.swift; sourceTree = "<group>"; };
		7A7D48A92D10967600330ED3 /* DownloadsViewController.swift */ = {isa = PBXFileReference; lastKnownFileType = sourcecode.swift; path = DownloadsViewController.swift; sourceTree = "<group>"; };
		7A7D48B02D10A16A00330ED3 /* CollectionViewTableViewCell.swift */ = {isa = PBXFileReference; lastKnownFileType = sourcecode.swift; path = CollectionViewTableViewCell.swift; sourceTree = "<group>"; };
		7A7D48B22D118BEA00330ED3 /* HeroHeaderUIView.swift */ = {isa = PBXFileReference; lastKnownFileType = sourcecode.swift; path = HeroHeaderUIView.swift; sourceTree = "<group>"; };
		7A8FF1DA2D1AF061006843E5 /* TitleCollectionViewCell.swift */ = {isa = PBXFileReference; lastKnownFileType = sourcecode.swift; path = TitleCollectionViewCell.swift; sourceTree = "<group>"; };
		7A8FF1E12D1B02C8006843E5 /* TitleTableViewCell.swift */ = {isa = PBXFileReference; lastKnownFileType = sourcecode.swift; path = TitleTableViewCell.swift; sourceTree = "<group>"; };
		7A8FF1E32D1B091D006843E5 /* TitleViewModel.swift */ = {isa = PBXFileReference; lastKnownFileType = sourcecode.swift; path = TitleViewModel.swift; sourceTree = "<group>"; };
		7A8FF1E52D1C33D5006843E5 /* SearchResultsViewController.swift */ = {isa = PBXFileReference; lastKnownFileType = sourcecode.swift; path = SearchResultsViewController.swift; sourceTree = "<group>"; };
		7A8FF1E92D1C46B5006843E5 /* YouTubeVideoResponse.swift */ = {isa = PBXFileReference; lastKnownFileType = sourcecode.swift; path = YouTubeVideoResponse.swift; sourceTree = "<group>"; };
		7A8FF1EB2D1C97AD006843E5 /* TitlePreviewViewController.swift */ = {isa = PBXFileReference; lastKnownFileType = sourcecode.swift; path = TitlePreviewViewController.swift; sourceTree = "<group>"; };
		7A8FF1ED2D1C9BB5006843E5 /* TitlePreviewViewModel.swift */ = {isa = PBXFileReference; lastKnownFileType = sourcecode.swift; path = TitlePreviewViewModel.swift; sourceTree = "<group>"; };
		7A8FF2132D1D9BAC006843E5 /* NetflixCloneModel.xcdatamodel */ = {isa = PBXFileReference; lastKnownFileType = wrapper.xcdatamodel; path = NetflixCloneModel.xcdatamodel; sourceTree = "<group>"; };
		7A8FF2152D1D9C6B006843E5 /* DataPersistenceManager.swift */ = {isa = PBXFileReference; lastKnownFileType = sourcecode.swift; path = DataPersistenceManager.swift; sourceTree = "<group>"; };
		7A8FF2182D271EBC006843E5 /* DateExtension.swift */ = {isa = PBXFileReference; lastKnownFileType = sourcecode.swift; path = DateExtension.swift; sourceTree = "<group>"; };
		7A8FF21A2D2B033D006843E5 /* DownloadedContainerView.swift */ = {isa = PBXFileReference; lastKnownFileType = sourcecode.swift; path = DownloadedContainerView.swift; sourceTree = "<group>"; };
		7A8FF21C2D2EA685006843E5 /* MessageContainerView.swift */ = {isa = PBXFileReference; lastKnownFileType = sourcecode.swift; path = MessageContainerView.swift; sourceTree = "<group>"; };
/* End PBXFileReference section */

/* Begin PBXFrameworksBuildPhase section */
		7A7D48882D10928A00330ED3 /* Frameworks */ = {
			isa = PBXFrameworksBuildPhase;
			buildActionMask = 2147483647;
			files = (
				7A8FF1E02D1AF661006843E5 /* SDWebImageMapKit in Frameworks */,
				7A8FF1DE2D1AF661006843E5 /* SDWebImage in Frameworks */,
			);
			runOnlyForDeploymentPostprocessing = 0;
		};
/* End PBXFrameworksBuildPhase section */

/* Begin PBXGroup section */
		7A7D48822D10928A00330ED3 = {
			isa = PBXGroup;
			children = (
				7A7D488D2D10928A00330ED3 /* Netflix Clone */,
				7A7D488C2D10928A00330ED3 /* Products */,
			);
			sourceTree = "<group>";
		};
		7A7D488C2D10928A00330ED3 /* Products */ = {
			isa = PBXGroup;
			children = (
				7A7D488B2D10928A00330ED3 /* Netflix Clone.app */,
			);
			name = Products;
			sourceTree = "<group>";
		};
		7A7D488D2D10928A00330ED3 /* Netflix Clone */ = {
			isa = PBXGroup;
			children = (
				7A8FF2172D271EA8006843E5 /* Extensions */,
				7A7D48AF2D10A13900330ED3 /* Resources */,
				7A7D48AE2D10A13100330ED3 /* Managers */,
				7A7D48AD2D10A11100330ED3 /* Models */,
				7A7D48AC2D10A10A00330ED3 /* ViewModels */,
				7A7D48AB2D10A10400330ED3 /* Views */,
				7A7D48A22D10963C00330ED3 /* Controllers */,
				7A7D48972D10928C00330ED3 /* Assets.xcassets */,
				7A7D48992D10928C00330ED3 /* LaunchScreen.storyboard */,
				7A7D489C2D10928C00330ED3 /* Info.plist */,
				7A8FF2122D1D9BAC006843E5 /* NetflixCloneModel.xcdatamodeld */,
			);
			path = "Netflix Clone";
			sourceTree = "<group>";
		};
		7A7D48A22D10963C00330ED3 /* Controllers */ = {
			isa = PBXGroup;
			children = (
				7A8FF1E82D1C340B006843E5 /* General */,
				7A8FF1E72D1C33FA006843E5 /* Core */,
			);
			path = Controllers;
			sourceTree = "<group>";
		};
		7A7D48AB2D10A10400330ED3 /* Views */ = {
			isa = PBXGroup;
			children = (
				7A8FF21E2D2ED74D006843E5 /* Cells */,
				7A8FF21A2D2B033D006843E5 /* DownloadedContainerView.swift */,
				7A8FF21C2D2EA685006843E5 /* MessageContainerView.swift */,
			);
			path = Views;
			sourceTree = "<group>";
		};
		7A7D48AC2D10A10A00330ED3 /* ViewModels */ = {
			isa = PBXGroup;
			children = (
				7A8FF1E32D1B091D006843E5 /* TitleViewModel.swift */,
				7A8FF1ED2D1C9BB5006843E5 /* TitlePreviewViewModel.swift */,
			);
			path = ViewModels;
			sourceTree = "<group>";
		};
		7A7D48AD2D10A11100330ED3 /* Models */ = {
			isa = PBXGroup;
			children = (
				7A7665252D14668D00204C0F /* Title.swift */,
				7A8FF1E92D1C46B5006843E5 /* YouTubeVideoResponse.swift */,
			);
			path = Models;
			sourceTree = "<group>";
		};
		7A7D48AE2D10A13100330ED3 /* Managers */ = {
			isa = PBXGroup;
			children = (
				7A7665232D11CCDC00204C0F /* API Caller.swift */,
				7A8FF2152D1D9C6B006843E5 /* DataPersistenceManager.swift */,
			);
			path = Managers;
			sourceTree = "<group>";
		};
		7A7D48AF2D10A13900330ED3 /* Resources */ = {
			isa = PBXGroup;
			children = (
				7A7D488E2D10928A00330ED3 /* AppDelegate.swift */,
				7A7D48902D10928A00330ED3 /* SceneDelegate.swift */,
			);
			path = Resources;
			sourceTree = "<group>";
		};
		7A8FF1E72D1C33FA006843E5 /* Core */ = {
			isa = PBXGroup;
			children = (
				7A7D48922D10928A00330ED3 /* MainTabBarViewController.swift */,
				7A7D48A32D10965700330ED3 /* HomeViewController.swift */,
				7A7D48A52D10966400330ED3 /* UpcomingViewController.swift */,
				7A7D48A72D10966E00330ED3 /* SearchViewController.swift */,
				7A7D48A92D10967600330ED3 /* DownloadsViewController.swift */,
			);
			path = Core;
			sourceTree = "<group>";
		};
		7A8FF1E82D1C340B006843E5 /* General */ = {
			isa = PBXGroup;
			children = (
				7A8FF1E52D1C33D5006843E5 /* SearchResultsViewController.swift */,
				7A8FF1EB2D1C97AD006843E5 /* TitlePreviewViewController.swift */,
			);
			path = General;
			sourceTree = "<group>";
		};
		7A8FF2172D271EA8006843E5 /* Extensions */ = {
			isa = PBXGroup;
			children = (
				7A8FF2182D271EBC006843E5 /* DateExtension.swift */,
			);
			path = Extensions;
			sourceTree = "<group>";
		};
		7A8FF21E2D2ED74D006843E5 /* Cells */ = {
			isa = PBXGroup;
			children = (
				7A7D48B02D10A16A00330ED3 /* CollectionViewTableViewCell.swift */,
				7A7D48B22D118BEA00330ED3 /* HeroHeaderUIView.swift */,
				7A8FF1DA2D1AF061006843E5 /* TitleCollectionViewCell.swift */,
				7A8FF1E12D1B02C8006843E5 /* TitleTableViewCell.swift */,
			);
			path = Cells;
			sourceTree = "<group>";
		};
/* End PBXGroup section */

/* Begin PBXNativeTarget section */
		7A7D488A2D10928A00330ED3 /* Netflix Clone */ = {
			isa = PBXNativeTarget;
			buildConfigurationList = 7A7D489F2D10928C00330ED3 /* Build configuration list for PBXNativeTarget "Netflix Clone" */;
			buildPhases = (
				7A7D48872D10928A00330ED3 /* Sources */,
				7A7D48882D10928A00330ED3 /* Frameworks */,
				7A7D48892D10928A00330ED3 /* Resources */,
			);
			buildRules = (
			);
			dependencies = (
			);
			name = "Netflix Clone";
			packageProductDependencies = (
				7A8FF1DD2D1AF661006843E5 /* SDWebImage */,
				7A8FF1DF2D1AF661006843E5 /* SDWebImageMapKit */,
			);
			productName = "Netflix Clone";
			productReference = 7A7D488B2D10928A00330ED3 /* Netflix Clone.app */;
			productType = "com.apple.product-type.application";
		};
/* End PBXNativeTarget section */

/* Begin PBXProject section */
		7A7D48832D10928A00330ED3 /* Project object */ = {
			isa = PBXProject;
			attributes = {
				BuildIndependentTargetsInParallel = 1;
				LastSwiftUpdateCheck = 1540;
				LastUpgradeCheck = 1540;
				TargetAttributes = {
					7A7D488A2D10928A00330ED3 = {
						CreatedOnToolsVersion = 15.4;
					};
				};
			};
			buildConfigurationList = 7A7D48862D10928A00330ED3 /* Build configuration list for PBXProject "Netflix Clone" */;
			compatibilityVersion = "Xcode 14.0";
			developmentRegion = en;
			hasScannedForEncodings = 0;
			knownRegions = (
				en,
				Base,
			);
			mainGroup = 7A7D48822D10928A00330ED3;
			packageReferences = (
				7A8FF1DC2D1AF661006843E5 /* XCRemoteSwiftPackageReference "SDWebImage" */,
			);
			productRefGroup = 7A7D488C2D10928A00330ED3 /* Products */;
			projectDirPath = "";
			projectRoot = "";
			targets = (
				7A7D488A2D10928A00330ED3 /* Netflix Clone */,
			);
		};
/* End PBXProject section */

/* Begin PBXResourcesBuildPhase section */
		7A7D48892D10928A00330ED3 /* Resources */ = {
			isa = PBXResourcesBuildPhase;
			buildActionMask = 2147483647;
			files = (
				7A7D48982D10928C00330ED3 /* Assets.xcassets in Resources */,
				7A7D489B2D10928C00330ED3 /* Base in Resources */,
			);
			runOnlyForDeploymentPostprocessing = 0;
		};
/* End PBXResourcesBuildPhase section */

/* Begin PBXSourcesBuildPhase section */
		7A7D48872D10928A00330ED3 /* Sources */ = {
			isa = PBXSourcesBuildPhase;
			buildActionMask = 2147483647;
			files = (
				7A8FF1EE2D1C9BB5006843E5 /* TitlePreviewViewModel.swift in Sources */,
				7A8FF1E22D1B02C8006843E5 /* TitleTableViewCell.swift in Sources */,
				7A7D48A82D10966E00330ED3 /* SearchViewController.swift in Sources */,
				7A8FF1EC2D1C97AD006843E5 /* TitlePreviewViewController.swift in Sources */,
				7A8FF2192D271EBC006843E5 /* DateExtension.swift in Sources */,
				7A8FF1DB2D1AF061006843E5 /* TitleCollectionViewCell.swift in Sources */,
				7A7D48932D10928A00330ED3 /* MainTabBarViewController.swift in Sources */,
				7A8FF1E62D1C33D6006843E5 /* SearchResultsViewController.swift in Sources */,
				7A7D48B12D10A16A00330ED3 /* CollectionViewTableViewCell.swift in Sources */,
				7A7D48B32D118BEA00330ED3 /* HeroHeaderUIView.swift in Sources */,
				7A8FF2162D1D9C6B006843E5 /* DataPersistenceManager.swift in Sources */,
				7A8FF2142D1D9BAC006843E5 /* NetflixCloneModel.xcdatamodeld in Sources */,
				7A7D48AA2D10967600330ED3 /* DownloadsViewController.swift in Sources */,
				7A8FF21B2D2B033D006843E5 /* DownloadedContainerView.swift in Sources */,
				7A8FF1EA2D1C46B5006843E5 /* YouTubeVideoResponse.swift in Sources */,
				7A7D488F2D10928A00330ED3 /* AppDelegate.swift in Sources */,
				7A7665242D11CCDC00204C0F /* API Caller.swift in Sources */,
				7A7D48912D10928A00330ED3 /* SceneDelegate.swift in Sources */,
				7A7D48A62D10966400330ED3 /* UpcomingViewController.swift in Sources */,
				7A8FF1E42D1B091D006843E5 /* TitleViewModel.swift in Sources */,
				7A7665262D14668D00204C0F /* Title.swift in Sources */,
				7A8FF21D2D2EA685006843E5 /* MessageContainerView.swift in Sources */,
				7A7D48A42D10965700330ED3 /* HomeViewController.swift in Sources */,
			);
			runOnlyForDeploymentPostprocessing = 0;
		};
/* End PBXSourcesBuildPhase section */

/* Begin PBXVariantGroup section */
		7A7D48992D10928C00330ED3 /* LaunchScreen.storyboard */ = {
			isa = PBXVariantGroup;
			children = (
				7A7D489A2D10928C00330ED3 /* Base */,
			);
			name = LaunchScreen.storyboard;
			sourceTree = "<group>";
		};
/* End PBXVariantGroup section */

/* Begin XCBuildConfiguration section */
		7A7D489D2D10928C00330ED3 /* Debug */ = {
			isa = XCBuildConfiguration;
			buildSettings = {
				ALWAYS_SEARCH_USER_PATHS = NO;
				ASSETCATALOG_COMPILER_GENERATE_SWIFT_ASSET_SYMBOL_EXTENSIONS = YES;
				CLANG_ANALYZER_NONNULL = YES;
				CLANG_ANALYZER_NUMBER_OBJECT_CONVERSION = YES_AGGRESSIVE;
				CLANG_CXX_LANGUAGE_STANDARD = "gnu++20";
				CLANG_ENABLE_MODULES = YES;
				CLANG_ENABLE_OBJC_ARC = YES;
				CLANG_ENABLE_OBJC_WEAK = YES;
				CLANG_WARN_BLOCK_CAPTURE_AUTORELEASING = YES;
				CLANG_WARN_BOOL_CONVERSION = YES;
				CLANG_WARN_COMMA = YES;
				CLANG_WARN_CONSTANT_CONVERSION = YES;
				CLANG_WARN_DEPRECATED_OBJC_IMPLEMENTATIONS = YES;
				CLANG_WARN_DIRECT_OBJC_ISA_USAGE = YES_ERROR;
				CLANG_WARN_DOCUMENTATION_COMMENTS = YES;
				CLANG_WARN_EMPTY_BODY = YES;
				CLANG_WARN_ENUM_CONVERSION = YES;
				CLANG_WARN_INFINITE_RECURSION = YES;
				CLANG_WARN_INT_CONVERSION = YES;
				CLANG_WARN_NON_LITERAL_NULL_CONVERSION = YES;
				CLANG_WARN_OBJC_IMPLICIT_RETAIN_SELF = YES;
				CLANG_WARN_OBJC_LITERAL_CONVERSION = YES;
				CLANG_WARN_OBJC_ROOT_CLASS = YES_ERROR;
				CLANG_WARN_QUOTED_INCLUDE_IN_FRAMEWORK_HEADER = YES;
				CLANG_WARN_RANGE_LOOP_ANALYSIS = YES;
				CLANG_WARN_STRICT_PROTOTYPES = YES;
				CLANG_WARN_SUSPICIOUS_MOVE = YES;
				CLANG_WARN_UNGUARDED_AVAILABILITY = YES_AGGRESSIVE;
				CLANG_WARN_UNREACHABLE_CODE = YES;
				CLANG_WARN__DUPLICATE_METHOD_MATCH = YES;
				COPY_PHASE_STRIP = NO;
				DEBUG_INFORMATION_FORMAT = dwarf;
				ENABLE_STRICT_OBJC_MSGSEND = YES;
				ENABLE_TESTABILITY = YES;
				ENABLE_USER_SCRIPT_SANDBOXING = YES;
				GCC_C_LANGUAGE_STANDARD = gnu17;
				GCC_DYNAMIC_NO_PIC = NO;
				GCC_NO_COMMON_BLOCKS = YES;
				GCC_OPTIMIZATION_LEVEL = 0;
				GCC_PREPROCESSOR_DEFINITIONS = (
					"DEBUG=1",
					"$(inherited)",
				);
				GCC_WARN_64_TO_32_BIT_CONVERSION = YES;
				GCC_WARN_ABOUT_RETURN_TYPE = YES_ERROR;
				GCC_WARN_UNDECLARED_SELECTOR = YES;
				GCC_WARN_UNINITIALIZED_AUTOS = YES_AGGRESSIVE;
				GCC_WARN_UNUSED_FUNCTION = YES;
				GCC_WARN_UNUSED_VARIABLE = YES;
				IPHONEOS_DEPLOYMENT_TARGET = 17.5;
				LOCALIZATION_PREFERS_STRING_CATALOGS = YES;
				MTL_ENABLE_DEBUG_INFO = INCLUDE_SOURCE;
				MTL_FAST_MATH = YES;
				ONLY_ACTIVE_ARCH = YES;
				SDKROOT = iphoneos;
				SWIFT_ACTIVE_COMPILATION_CONDITIONS = "DEBUG $(inherited)";
				SWIFT_OPTIMIZATION_LEVEL = "-Onone";
			};
			name = Debug;
		};
		7A7D489E2D10928C00330ED3 /* Release */ = {
			isa = XCBuildConfiguration;
			buildSettings = {
				ALWAYS_SEARCH_USER_PATHS = NO;
				ASSETCATALOG_COMPILER_GENERATE_SWIFT_ASSET_SYMBOL_EXTENSIONS = YES;
				CLANG_ANALYZER_NONNULL = YES;
				CLANG_ANALYZER_NUMBER_OBJECT_CONVERSION = YES_AGGRESSIVE;
				CLANG_CXX_LANGUAGE_STANDARD = "gnu++20";
				CLANG_ENABLE_MODULES = YES;
				CLANG_ENABLE_OBJC_ARC = YES;
				CLANG_ENABLE_OBJC_WEAK = YES;
				CLANG_WARN_BLOCK_CAPTURE_AUTORELEASING = YES;
				CLANG_WARN_BOOL_CONVERSION = YES;
				CLANG_WARN_COMMA = YES;
				CLANG_WARN_CONSTANT_CONVERSION = YES;
				CLANG_WARN_DEPRECATED_OBJC_IMPLEMENTATIONS = YES;
				CLANG_WARN_DIRECT_OBJC_ISA_USAGE = YES_ERROR;
				CLANG_WARN_DOCUMENTATION_COMMENTS = YES;
				CLANG_WARN_EMPTY_BODY = YES;
				CLANG_WARN_ENUM_CONVERSION = YES;
				CLANG_WARN_INFINITE_RECURSION = YES;
				CLANG_WARN_INT_CONVERSION = YES;
				CLANG_WARN_NON_LITERAL_NULL_CONVERSION = YES;
				CLANG_WARN_OBJC_IMPLICIT_RETAIN_SELF = YES;
				CLANG_WARN_OBJC_LITERAL_CONVERSION = YES;
				CLANG_WARN_OBJC_ROOT_CLASS = YES_ERROR;
				CLANG_WARN_QUOTED_INCLUDE_IN_FRAMEWORK_HEADER = YES;
				CLANG_WARN_RANGE_LOOP_ANALYSIS = YES;
				CLANG_WARN_STRICT_PROTOTYPES = YES;
				CLANG_WARN_SUSPICIOUS_MOVE = YES;
				CLANG_WARN_UNGUARDED_AVAILABILITY = YES_AGGRESSIVE;
				CLANG_WARN_UNREACHABLE_CODE = YES;
				CLANG_WARN__DUPLICATE_METHOD_MATCH = YES;
				COPY_PHASE_STRIP = NO;
				DEBUG_INFORMATION_FORMAT = "dwarf-with-dsym";
				ENABLE_NS_ASSERTIONS = NO;
				ENABLE_STRICT_OBJC_MSGSEND = YES;
				ENABLE_USER_SCRIPT_SANDBOXING = YES;
				GCC_C_LANGUAGE_STANDARD = gnu17;
				GCC_NO_COMMON_BLOCKS = YES;
				GCC_WARN_64_TO_32_BIT_CONVERSION = YES;
				GCC_WARN_ABOUT_RETURN_TYPE = YES_ERROR;
				GCC_WARN_UNDECLARED_SELECTOR = YES;
				GCC_WARN_UNINITIALIZED_AUTOS = YES_AGGRESSIVE;
				GCC_WARN_UNUSED_FUNCTION = YES;
				GCC_WARN_UNUSED_VARIABLE = YES;
				IPHONEOS_DEPLOYMENT_TARGET = 17.5;
				LOCALIZATION_PREFERS_STRING_CATALOGS = YES;
				MTL_ENABLE_DEBUG_INFO = NO;
				MTL_FAST_MATH = YES;
				SDKROOT = iphoneos;
				SWIFT_COMPILATION_MODE = wholemodule;
				VALIDATE_PRODUCT = YES;
			};
			name = Release;
		};
		7A7D48A02D10928C00330ED3 /* Debug */ = {
			isa = XCBuildConfiguration;
			buildSettings = {
				ASSETCATALOG_COMPILER_APPICON_NAME = AppIcon;
				ASSETCATALOG_COMPILER_GLOBAL_ACCENT_COLOR_NAME = AccentColor;
				CODE_SIGN_STYLE = Automatic;
				CURRENT_PROJECT_VERSION = 1;
				DEVELOPMENT_TEAM = PGWW3RK4AQ;
				GENERATE_INFOPLIST_FILE = YES;
				INFOPLIST_FILE = "Netflix Clone/Info.plist";
				INFOPLIST_KEY_UIApplicationSupportsIndirectInputEvents = YES;
				INFOPLIST_KEY_UILaunchStoryboardName = LaunchScreen;
				INFOPLIST_KEY_UISupportedInterfaceOrientations_iPad = "UIInterfaceOrientationPortrait UIInterfaceOrientationPortraitUpsideDown UIInterfaceOrientationLandscapeLeft UIInterfaceOrientationLandscapeRight";
				INFOPLIST_KEY_UISupportedInterfaceOrientations_iPhone = "UIInterfaceOrientationPortrait UIInterfaceOrientationLandscapeLeft UIInterfaceOrientationLandscapeRight";
				LD_RUNPATH_SEARCH_PATHS = (
					"$(inherited)",
					"@executable_path/Frameworks",
				);
				MARKETING_VERSION = 1.0;
				PRODUCT_BUNDLE_IDENTIFIER = "com.vb.Netflix-Clone";
				PRODUCT_NAME = "$(TARGET_NAME)";
				SWIFT_EMIT_LOC_STRINGS = YES;
				SWIFT_VERSION = 5.0;
				TARGETED_DEVICE_FAMILY = "1,2";
			};
			name = Debug;
		};
		7A7D48A12D10928C00330ED3 /* Release */ = {
			isa = XCBuildConfiguration;
			buildSettings = {
				ASSETCATALOG_COMPILER_APPICON_NAME = AppIcon;
				ASSETCATALOG_COMPILER_GLOBAL_ACCENT_COLOR_NAME = AccentColor;
				CODE_SIGN_STYLE = Automatic;
				CURRENT_PROJECT_VERSION = 1;
				DEVELOPMENT_TEAM = PGWW3RK4AQ;
				GENERATE_INFOPLIST_FILE = YES;
				INFOPLIST_FILE = "Netflix Clone/Info.plist";
				INFOPLIST_KEY_UIApplicationSupportsIndirectInputEvents = YES;
				INFOPLIST_KEY_UILaunchStoryboardName = LaunchScreen;
				INFOPLIST_KEY_UISupportedInterfaceOrientations_iPad = "UIInterfaceOrientationPortrait UIInterfaceOrientationPortraitUpsideDown UIInterfaceOrientationLandscapeLeft UIInterfaceOrientationLandscapeRight";
				INFOPLIST_KEY_UISupportedInterfaceOrientations_iPhone = "UIInterfaceOrientationPortrait UIInterfaceOrientationLandscapeLeft UIInterfaceOrientationLandscapeRight";
				LD_RUNPATH_SEARCH_PATHS = (
					"$(inherited)",
					"@executable_path/Frameworks",
				);
				MARKETING_VERSION = 1.0;
				PRODUCT_BUNDLE_IDENTIFIER = "com.vb.Netflix-Clone";
				PRODUCT_NAME = "$(TARGET_NAME)";
				SWIFT_EMIT_LOC_STRINGS = YES;
				SWIFT_VERSION = 5.0;
				TARGETED_DEVICE_FAMILY = "1,2";
			};
			name = Release;
		};
/* End XCBuildConfiguration section */

/* Begin XCConfigurationList section */
		7A7D48862D10928A00330ED3 /* Build configuration list for PBXProject "Netflix Clone" */ = {
			isa = XCConfigurationList;
			buildConfigurations = (
				7A7D489D2D10928C00330ED3 /* Debug */,
				7A7D489E2D10928C00330ED3 /* Release */,
			);
			defaultConfigurationIsVisible = 0;
			defaultConfigurationName = Release;
		};
		7A7D489F2D10928C00330ED3 /* Build configuration list for PBXNativeTarget "Netflix Clone" */ = {
			isa = XCConfigurationList;
			buildConfigurations = (
				7A7D48A02D10928C00330ED3 /* Debug */,
				7A7D48A12D10928C00330ED3 /* Release */,
			);
			defaultConfigurationIsVisible = 0;
			defaultConfigurationName = Release;
		};
/* End XCConfigurationList section */

/* Begin XCRemoteSwiftPackageReference section */
		7A8FF1DC2D1AF661006843E5 /* XCRemoteSwiftPackageReference "SDWebImage" */ = {
			isa = XCRemoteSwiftPackageReference;
			repositoryURL = "https://github.com/SDWebImage/SDWebImage.git";
			requirement = {
				kind = upToNextMajorVersion;
				minimumVersion = 5.20.0;
			};
		};
/* End XCRemoteSwiftPackageReference section */

/* Begin XCSwiftPackageProductDependency section */
		7A8FF1DD2D1AF661006843E5 /* SDWebImage */ = {
			isa = XCSwiftPackageProductDependency;
			package = 7A8FF1DC2D1AF661006843E5 /* XCRemoteSwiftPackageReference "SDWebImage" */;
			productName = SDWebImage;
		};
		7A8FF1DF2D1AF661006843E5 /* SDWebImageMapKit */ = {
			isa = XCSwiftPackageProductDependency;
			package = 7A8FF1DC2D1AF661006843E5 /* XCRemoteSwiftPackageReference "SDWebImage" */;
			productName = SDWebImageMapKit;
		};
/* End XCSwiftPackageProductDependency section */

/* Begin XCVersionGroup section */
		7A8FF2122D1D9BAC006843E5 /* NetflixCloneModel.xcdatamodeld */ = {
			isa = XCVersionGroup;
			children = (
				7A8FF2132D1D9BAC006843E5 /* NetflixCloneModel.xcdatamodel */,
			);
			currentVersion = 7A8FF2132D1D9BAC006843E5 /* NetflixCloneModel.xcdatamodel */;
			path = NetflixCloneModel.xcdatamodeld;
			sourceTree = "<group>";
			versionGroupType = wrapper.xcdatamodel;
		};
/* End XCVersionGroup section */
	};
	rootObject = 7A7D48832D10928A00330ED3 /* Project object */;
}
